{
  "nodes": {
    "agenix": {
      "inputs": {
        "darwin": [
          "darwin"
        ],
        "home-manager": [
          "home-manager"
        ],
        "nixpkgs": [
          "nixpkgs"
        ],
        "systems": [
          "systems"
        ]
      },
      "locked": {
        "lastModified": 1770165109,
        "narHash": "sha256-9VnK6Oqai65puVJ4WYtCTvlJeXxMzAp/69HhQuTdl/I=",
        "owner": "ryantm",
        "repo": "agenix",
        "rev": "b027ee29d959fda4b60b57566d64c98a202e0feb",
        "type": "github"
      },
      "original": {
        "owner": "ryantm",
        "repo": "agenix",
        "type": "github"
      }
    },
    "beatport-dl": {
      "inputs": {
        "flake-utils": [
          "flake-utils"
        ],
        "nixpkgs": [
          "nixpkgs"
        ]
      },
      "locked": {
        "lastModified": 1757161391,
        "narHash": "sha256-HSZhJW66hllw6VplVa8j6VbGXfdjSdPq7OVwcVma1M8=",
        "owner": "pjan",
        "repo": "beatport-dl",
        "rev": "ec3455e4ab3b846ef52d2c3ce411b897d2f710ec",
        "type": "github"
      },
      "original": {
        "owner": "pjan",
        "repo": "beatport-dl",
        "type": "github"
      }
    },
    "brew-src": {
      "flake": false,
      "locked": {
        "lastModified": 1776478798,
        "narHash": "sha256-ERStG27tf83VbCfYMxtDSs+sa8FUMJ/3jSu/QfX9rKE=",
        "owner": "Homebrew",
        "repo": "brew",
        "rev": "3aae056b8d072624255bc8fd27febb7f327b2265",
        "type": "github"
      },
      "original": {
        "owner": "Homebrew",
        "ref": "5.1.7",
        "repo": "brew",
        "type": "github"
      }
    },
    "codex-cli-nix": {
      "inputs": {
        "flake-utils": [
          "flake-utils"
        ],
        "nixpkgs": [
          "nixpkgs"
        ]
      },
      "locked": {
        "lastModified": 1777054843,
        "narHash": "sha256-aiuiKK6xJu5inj/RTmSl9S3jDC6RzNsKfNJ700MRPNY=",
        "owner": "sadjow",
        "repo": "codex-cli-nix",
        "rev": "fc382bef14dcb9873769bdcb4d3b943ef2606489",
        "type": "github"
      },
      "original": {
        "owner": "sadjow",
        "repo": "codex-cli-nix",
        "type": "github"
      }
    },
    "darwin": {
      "inputs": {
        "nixpkgs": [
          "nixpkgs"
        ]
      },
      "locked": {
        "lastModified": 1775037210,
        "narHash": "sha256-KM2WYj6EA7M/FVZVCl3rqWY+TFV5QzSyyGE2gQxeODU=",
        "owner": "LnL7",
        "repo": "nix-darwin",
        "rev": "06648f4902343228ce2de79f291dd5a58ee12146",
        "type": "github"
      },
      "original": {
        "owner": "LnL7",
        "ref": "master",
        "repo": "nix-darwin",
        "type": "github"
      }
    },
    "flake-utils": {
      "inputs": {
        "systems": [
          "systems"
        ]
      },
      "locked": {
        "lastModified": 1731533236,
        "narHash": "sha256-l0KFg5HjrsfsO/JpG+r7fRrqm12kzFHyUHqHCVpMMbI=",
        "owner": "numtide",
        "repo": "flake-utils",
        "rev": "11707dc2f618dd54ca8739b309ec4fc024de578b",
        "type": "github"
      },
      "original": {
        "owner": "numtide",
        "repo": "flake-utils",
        "type": "github"
      }
    },
    "home-manager": {
      "inputs": {
        "nixpkgs": [
          "nixpkgs"
        ]
      },
      "locked": {
        "lastModified": 1777349711,
        "narHash": "sha256-PGKgo2dO6fK603QGI+DWXdKmS09pbJjjTxwRHdhkGZA=",
        "owner": "nix-community",
        "repo": "home-manager",
        "rev": "c1140540536d483e2730320100f6835d62c94fdf",
        "type": "github"
      },
      "original": {
        "owner": "nix-community",
        "repo": "home-manager",
        "type": "github"
      }
    },
    "homebrew-bundle": {
      "flake": false,
      "locked": {
        "lastModified": 1745335228,
        "narHash": "sha256-TIKR2UgtyUmHLNZp255/vLs+1I10hXe+sciMEbAGFwE=",
        "owner": "homebrew",
        "repo": "homebrew-bundle",
        "rev": "a3265c84b232e13048ecbf6fc18a2eedfadbeb08",
        "type": "github"
      },
      "original": {
        "owner": "homebrew",
        "repo": "homebrew-bundle",
        "type": "github"
      }
    },
    "homebrew-cask": {
      "flake": false,
      "locked": {
        "lastModified": 1777364622,
        "narHash": "sha256-8U1d1NzKIc6gMPBF6X3PQ7w0KOepTG7zKUXaiwcLygg=",
        "owner": "homebrew",
        "repo": "homebrew-cask",
        "rev": "6bdbf23433638a79716d9372b5233a1dd56f0e84",
        "type": "github"
      },
      "original": {
        "owner": "homebrew",
        "repo": "homebrew-cask",
        "type": "github"
      }
    },
    "homebrew-core": {
      "flake": false,
      "locked": {
        "lastModified": 1777364332,
        "narHash": "sha256-+fZQvIG6ZP/TOwGbTm8dmqWcylK7rdBT7NT+LAe0KXI=",
        "owner": "homebrew",
        "repo": "homebrew-core",
        "rev": "53bca23fb19fec15eaa38d09f5fd22d706aef805",
        "type": "github"
      },
      "original": {
        "owner": "homebrew",
        "repo": "homebrew-core",
        "type": "github"
      }
    },
    "homebrew-subtlesoft": {
      "flake": false,
      "locked": {
        "lastModified": 1769367479,
        "narHash": "sha256-ReXbYlsKVyk/p+wNoZEyit2Osf8f/oKeZsSmEecmklA=",
        "owner": "nicowald",
        "repo": "homebrew-subtlesoft",
        "rev": "9b82fdb2531263b31d4cd73ec53bed112d75a349",
        "type": "github"
      },
      "original": {
        "owner": "nicowald",
        "repo": "homebrew-subtlesoft",
        "type": "github"
      }
    },
    "nix-claude-code": {
      "inputs": {
        "nixpkgs": [
          "nixpkgs"
        ]
      },
      "locked": {
        "lastModified": 1777321207,
        "narHash": "sha256-+qlJTKXryllM2WNyShA8KNcOOSE+BpL5qpv1o7CzbAU=",
        "owner": "ryoppippi",
        "repo": "nix-claude-code",
        "rev": "eb13ed2ebb886f67b590938a16d9d0a8c9036236",
        "type": "github"
      },
      "original": {
        "owner": "ryoppippi",
        "repo": "nix-claude-code",
        "type": "github"
      }
    },
    "nix-homebrew": {
      "inputs": {
        "brew-src": "brew-src"
      },
      "locked": {
        "lastModified": 1777250621,
        "narHash": "sha256-WynkkG0hdZ5niYPJUbVg7oMfu8MVwGGzKZ6lKmfa+O8=",
        "owner": "zhaofengli-wip",
        "repo": "nix-homebrew",
        "rev": "aeb2069920742d0d6570089e8b3b8620050bacf2",
        "type": "github"
      },
      "original": {
        "owner": "zhaofengli-wip",
        "repo": "nix-homebrew",
        "type": "github"
      }
    },
    "nix-pkgs": {
      "inputs": {
        "flake-utils": [
          "flake-utils"
        ],
        "nixpkgs": [
          "nixpkgs"
        ]
      },
      "locked": {
        "lastModified": 1777436696,
        "narHash": "sha256-7Zu/wi2qDAx0Dkgxi7VzRBwM+bN48emHOo2KRfPzvAk=",
        "owner": "pjan",
        "repo": "nix-pkgs",
        "rev": "0390f37295569d96a0decbc1363ea8e7f28ace8a",
        "type": "github"
      },
      "original": {
        "owner": "pjan",
        "repo": "nix-pkgs",
        "type": "github"
      }
    },
    "nixpkgs": {
      "locked": {
        "lastModified": 1776877367,
        "narHash": "sha256-EHq1/OX139R1RvBzOJ0aMRT3xnWyqtHBRUBuO1gFzjI=",
        "owner": "nixos",
        "repo": "nixpkgs",
        "rev": "0726a0ecb6d4e08f6adced58726b95db924cef57",
        "type": "github"
      },
      "original": {
        "owner": "nixos",
        "ref": "nixos-unstable",
        "repo": "nixpkgs",
        "type": "github"
      }
    },
    "riptide": {
      "inputs": {
        "nixpkgs": [
          "nixpkgs"
        ],
        "systems": [
          "systems"
        ]
      },
      "locked": {
        "lastModified": 1775634359,
        "narHash": "sha256-yamkx0QrqbjYBI2Z0tgkeJNJGFC3v5inqDfe3wqq0P8=",
        "owner": "pjan",
        "repo": "riptide",
        "rev": "f45fa0822050307a3b52dae9cb3bc01a12f17353",
        "type": "github"
      },
      "original": {
        "owner": "pjan",
        "repo": "riptide",
        "type": "github"
      }
    },
    "root": {
      "inputs": {
        "agenix": "agenix",
        "beatport-dl": "beatport-dl",
        "codex-cli-nix": "codex-cli-nix",
        "darwin": "darwin",
        "flake-utils": "flake-utils",
        "home-manager": "home-manager",
        "homebrew-bundle": "homebrew-bundle",
        "homebrew-cask": "homebrew-cask",
        "homebrew-core": "homebrew-core",
        "homebrew-subtlesoft": "homebrew-subtlesoft",
        "nix-claude-code": "nix-claude-code",
        "nix-homebrew": "nix-homebrew",
        "nix-pkgs": "nix-pkgs",
        "nixpkgs": "nixpkgs",
        "riptide": "riptide",
        "secrets": "secrets",
        "systems": "systems"
      }
    },
    "secrets": {
      "flake": false,
      "locked": {
        "lastModified": 1756914583,
        "narHash": "sha256-mHgTCXu3kDfYDAbQ/Bu8xBzQkXfECaQWyAA0UNvU+7E=",
        "ref": "refs/heads/main",
        "rev": "e9f2e82219fdd27f0735e4132aa14e36e26fe79c",
        "revCount": 6,
        "type": "git",
        "url": "ssh://git@github.com/pjan/nix-secrets.git"
      },
      "original": {
        "type": "git",
        "url": "ssh://git@github.com/pjan/nix-secrets.git"
      }
    },
    "systems": {
      "locked": {
        "lastModified": 1681028828,
        "narHash": "sha256-Vy1rq5AaRuLzOxct8nz4T6wlgyUR7zLU309k9mBC768=",
        "owner": "nix-systems",
        "repo": "default",
        "rev": "da67096a3b9bf56a91d16901293e51ba5b49a27e",
        "type": "github"
      },
      "original": {
        "owner": "nix-systems",
        "repo": "default",
        "type": "github"
      }
    }
  },
  "root": "root",
  "version": 7
}
