{
  "nodes": {
    "agenix": {
      "inputs": {
        "darwin": [
          "darwin"
        ],
        "home-manager": [
          "home-manager"
        ],
        "nixpkgs": [
          "nixpkgs"
        ],
        "systems": [
          "systems"
        ]
      },
      "locked": {
        "lastModified": 1770165109,
        "narHash": "sha256-9VnK6Oqai65puVJ4WYtCTvlJeXxMzAp/69HhQuTdl/I=",
        "owner": "ryantm",
        "repo": "agenix",
        "rev": "b027ee29d959fda4b60b57566d64c98a202e0feb",
        "type": "github"
      },
      "original": {
        "owner": "ryantm",
        "repo": "agenix",
        "type": "github"
      }
    },
    "beatport-dl": {
      "inputs": {
        "flake-utils": [
          "flake-utils"
        ],
        "nixpkgs": [
          "nixpkgs"
        ]
      },
      "locked": {
        "lastModified": 1757161391,
        "narHash": "sha256-HSZhJW66hllw6VplVa8j6VbGXfdjSdPq7OVwcVma1M8=",
        "owner": "pjan",
        "repo": "beatport-dl",
        "rev": "ec3455e4ab3b846ef52d2c3ce411b897d2f710ec",
        "type": "github"
      },
      "original": {
        "owner": "pjan",
        "repo": "beatport-dl",
        "type": "github"
      }
    },
    "brew-src": {
      "flake": false,
      "locked": {
        "lastModified": 1779646357,
        "narHash": "sha256-rnnAaESXxItX4D9xCMGvs3hfDBjbbTYht7OluRcvT8k=",
        "owner": "Homebrew",
        "repo": "brew",
        "rev": "10a163ac127624caa80cc5cc5a705e97f3615b0e",
        "type": "github"
      },
      "original": {
        "owner": "Homebrew",
        "ref": "5.1.14",
        "repo": "brew",
        "type": "github"
      }
    },
    "codex-cli-nix": {
      "inputs": {
        "flake-utils": [
          "flake-utils"
        ],
        "nixpkgs": [
          "nixpkgs"
        ]
      },
      "locked": {
        "lastModified": 1780543091,
        "narHash": "sha256-qdsCTv+i0YHjFY/DUb2paaxUzUUFrO+BZzKhPKc1m2Q=",
        "owner": "sadjow",
        "repo": "codex-cli-nix",
        "rev": "d95f4900331633d49b8df26cfb4142742baa537b",
        "type": "github"
      },
      "original": {
        "owner": "sadjow",
        "repo": "codex-cli-nix",
        "type": "github"
      }
    },
    "darwin": {
      "inputs": {
        "nixpkgs": [
          "nixpkgs"
        ]
      },
      "locked": {
        "lastModified": 1780795403,
        "narHash": "sha256-AkWx4Zt9pQbD/f82Z8N57+d0HGLN/rV3gdMKJTpBPKs=",
        "owner": "LnL7",
        "repo": "nix-darwin",
        "rev": "6a771120d607dcccb279a27d227650e324815c35",
        "type": "github"
      },
      "original": {
        "owner": "LnL7",
        "ref": "master",
        "repo": "nix-darwin",
        "type": "github"
      }
    },
    "flake-utils": {
      "inputs": {
        "systems": [
          "systems"
        ]
      },
      "locked": {
        "lastModified": 1731533236,
        "narHash": "sha256-l0KFg5HjrsfsO/JpG+r7fRrqm12kzFHyUHqHCVpMMbI=",
        "owner": "numtide",
        "repo": "flake-utils",
        "rev": "11707dc2f618dd54ca8739b309ec4fc024de578b",
        "type": "github"
      },
      "original": {
        "owner": "numtide",
        "repo": "flake-utils",
        "type": "github"
      }
    },
    "home-manager": {
      "inputs": {
        "nixpkgs": [
          "nixpkgs"
        ]
      },
      "locked": {
        "lastModified": 1780679734,
        "narHash": "sha256-KmRNvpNOb7QEORa06bVgjW9kITcx0VhsI7w0vhmZyD8=",
        "owner": "nix-community",
        "repo": "home-manager",
        "rev": "b2b7db486e06e098711dc291bb25db82850e1d16",
        "type": "github"
      },
      "original": {
        "owner": "nix-community",
        "repo": "home-manager",
        "type": "github"
      }
    },
    "homebrew-bundle": {
      "flake": false,
      "locked": {
        "lastModified": 1745335228,
        "narHash": "sha256-TIKR2UgtyUmHLNZp255/vLs+1I10hXe+sciMEbAGFwE=",
        "owner": "homebrew",
        "repo": "homebrew-bundle",
        "rev": "a3265c84b232e13048ecbf6fc18a2eedfadbeb08",
        "type": "github"
      },
      "original": {
        "owner": "homebrew",
        "repo": "homebrew-bundle",
        "type": "github"
      }
    },
    "homebrew-cask": {
      "flake": false,
      "locked": {
        "lastModified": 1777364622,
        "narHash": "sha256-8U1d1NzKIc6gMPBF6X3PQ7w0KOepTG7zKUXaiwcLygg=",
        "owner": "homebrew",
        "repo": "homebrew-cask",
        "rev": "6bdbf23433638a79716d9372b5233a1dd56f0e84",
        "type": "github"
      },
      "original": {
        "owner": "homebrew",
        "repo": "homebrew-cask",
        "type": "github"
      }
    },
    "homebrew-core": {
      "flake": false,
      "locked": {
        "lastModified": 1777364332,
        "narHash": "sha256-+fZQvIG6ZP/TOwGbTm8dmqWcylK7rdBT7NT+LAe0KXI=",
        "owner": "homebrew",
        "repo": "homebrew-core",
        "rev": "53bca23fb19fec15eaa38d09f5fd22d706aef805",
        "type": "github"
      },
      "original": {
        "owner": "homebrew",
        "repo": "homebrew-core",
        "type": "github"
      }
    },
    "homebrew-subtlesoft": {
      "flake": false,
      "locked": {
        "lastModified": 1769367479,
        "narHash": "sha256-ReXbYlsKVyk/p+wNoZEyit2Osf8f/oKeZsSmEecmklA=",
        "owner": "nicowald",
        "repo": "homebrew-subtlesoft",
        "rev": "9b82fdb2531263b31d4cd73ec53bed112d75a349",
        "type": "github"
      },
      "original": {
        "owner": "nicowald",
        "repo": "homebrew-subtlesoft",
        "type": "github"
      }
    },
    "nix-claude-code": {
      "inputs": {
        "nixpkgs": [
          "nixpkgs"
        ]
      },
      "locked": {
        "lastModified": 1780791733,
        "narHash": "sha256-2sVYZ9cIVhR9LCcJUJelsufF/QYVooInli+5b1RCvaQ=",
        "owner": "ryoppippi",
        "repo": "nix-claude-code",
        "rev": "6ce2c98b036d3d977d6c44ffa201ed560efc53a9",
        "type": "github"
      },
      "original": {
        "owner": "ryoppippi",
        "repo": "nix-claude-code",
        "type": "github"
      }
    },
    "nix-homebrew": {
      "inputs": {
        "brew-src": "brew-src"
      },
      "locked": {
        "lastModified": 1780492467,
        "narHash": "sha256-zMEJwtQPmsPPgPczFkyjWHgd1z0HagOPS2Wt2WDYLJY=",
        "owner": "zhaofengli-wip",
        "repo": "nix-homebrew",
        "rev": "562332f97de9f5ba51aa647d70462e88222b2988",
        "type": "github"
      },
      "original": {
        "owner": "zhaofengli-wip",
        "repo": "nix-homebrew",
        "type": "github"
      }
    },
    "nix-pkgs": {
      "inputs": {
        "flake-utils": [
          "flake-utils"
        ],
        "nixpkgs": [
          "nixpkgs"
        ]
      },
      "locked": {
        "lastModified": 1777509271,
        "narHash": "sha256-64bWkSwvFFkPjaKEckKTI7U+38Ent4ZzCsedKqd/Luk=",
        "owner": "pjan",
        "repo": "nix-pkgs",
        "rev": "a64d8d38da96d2257ce8221b97c3ae8595a61cb3",
        "type": "github"
      },
      "original": {
        "owner": "pjan",
        "repo": "nix-pkgs",
        "type": "github"
      }
    },
    "nixpkgs": {
      "locked": {
        "lastModified": 1780243769,
        "narHash": "sha256-x5UQuRsH3MqI0U9afaXSNqzTPSeZlRLvFAav2Ux1pNw=",
        "owner": "nixos",
        "repo": "nixpkgs",
        "rev": "331800de5053fcebacf6813adb5db9c9dca22a0c",
        "type": "github"
      },
      "original": {
        "owner": "nixos",
        "ref": "nixos-unstable",
        "repo": "nixpkgs",
        "type": "github"
      }
    },
    "riptide": {
      "inputs": {
        "nixpkgs": [
          "nixpkgs"
        ],
        "systems": [
          "systems"
        ]
      },
      "locked": {
        "lastModified": 1777875641,
        "narHash": "sha256-fRer85DCZnoA6iAxFIENJYUxdCqKoJjFhj1XySEIlcw=",
        "owner": "pjan",
        "repo": "riptide",
        "rev": "2109dac9e13609845f022214dd046c6a099beece",
        "type": "github"
      },
      "original": {
        "owner": "pjan",
        "repo": "riptide",
        "type": "github"
      }
    },
    "root": {
      "inputs": {
        "agenix": "agenix",
        "beatport-dl": "beatport-dl",
        "codex-cli-nix": "codex-cli-nix",
        "darwin": "darwin",
        "flake-utils": "flake-utils",
        "home-manager": "home-manager",
        "homebrew-bundle": "homebrew-bundle",
        "homebrew-cask": "homebrew-cask",
        "homebrew-core": "homebrew-core",
        "homebrew-subtlesoft": "homebrew-subtlesoft",
        "nix-claude-code": "nix-claude-code",
        "nix-homebrew": "nix-homebrew",
        "nix-pkgs": "nix-pkgs",
        "nixpkgs": "nixpkgs",
        "riptide": "riptide",
        "secrets": "secrets",
        "systems": "systems"
      }
    },
    "secrets": {
      "flake": false,
      "locked": {
        "lastModified": 1756914583,
        "narHash": "sha256-mHgTCXu3kDfYDAbQ/Bu8xBzQkXfECaQWyAA0UNvU+7E=",
        "ref": "refs/heads/main",
        "rev": "e9f2e82219fdd27f0735e4132aa14e36e26fe79c",
        "revCount": 6,
        "type": "git",
        "url": "ssh://git@github.com/pjan/nix-secrets.git"
      },
      "original": {
        "type": "git",
        "url": "ssh://git@github.com/pjan/nix-secrets.git"
      }
    },
    "systems": {
      "locked": {
        "lastModified": 1681028828,
        "narHash": "sha256-Vy1rq5AaRuLzOxct8nz4T6wlgyUR7zLU309k9mBC768=",
        "owner": "nix-systems",
        "repo": "default",
        "rev": "da67096a3b9bf56a91d16901293e51ba5b49a27e",
        "type": "github"
      },
      "original": {
        "owner": "nix-systems",
        "repo": "default",
        "type": "github"
      }
    }
  },
  "root": "root",
  "version": 7
}
